
Microsoft Visual Studio Solution File, Format Version 12.00
# Visual Studio Version 16
VisualStudioVersion = 16.0.30413.136
MinimumVisualStudioVersion = 10.0.40219.1
Project("{FAE04EC0-301F-11D3-BF4B-00C04F79EFBC}") = "CCG", "CCG\CCG.csproj", "{0F4BBF7F-833E-4CCA-8A38-9C6C33590C76}"
EndProject
Global
	GlobalSection(SolutionConfigurationPlatforms) = preSolution
		Debug|Any CPU = Debug|Any CPU
		Release|Any CPU = Release|Any CPU
	EndGlobalSection
	GlobalSection(ProjectConfigurationPlatforms) = postSolution
		{0F4BBF7F-833E-4CCA-8A38-9C6C33590C76}.Debug|Any CPU.ActiveCfg = Debug|Any CPU
		{0F4BBF7F-833E-4CCA-8A38-9C6C33590C76}.Debug|Any CPU.Build.0 = Debug|Any CPU
		{0F4BBF7F-833E-4CCA-8A38-9C6C33590C76}.Release|Any CPU.ActiveCfg = Release|Any CPU
		{0F4BBF7F-833E-4CCA-8A38-9C6C33590C76}.Release|Any CPU.Build.0 = Release|Any CPU
	EndGlobalSection
	GlobalSection(SolutionProperties) = preSolution
		HideSolutionNode = FALSE
	EndGlobalSection
	GlobalSection(ExtensibilityGlobals) = postSolution
		SolutionGuid = {7D70AD25-BCE3-4358-AE6A-8D153F5A3465}
	EndGlobalSection
EndGlobal
